{
    "name": "flashcards-bot",
    "version": "1.0.0",
    "lockfileVersion": 2,
    "requires": true,
    "packages": {
        "": {
            "name": "flashcards-bot",
            "version": "1.0.0",
            "license": "ISC",
            "dependencies": {
                "@prisma/client": "^3.12.0",
                "cheerio": "^1.0.0-rc.10",
                "env-var": "^7.1.1",
                "grammy": "^1.8.0",
                "grammy-inline-menu": "^7.0.2",
                "node-cron": "^3.0.0"
            },
            "devDependencies": {
                "prisma": "^3.12.0"
            }
        },
        "node_modules/@grammyjs/types": {
            "version": "2.7.0",
            "resolved": "https://registry.npmjs.org/@grammyjs/types/-/types-2.7.0.tgz",
            "integrity": "sha512-XgncCsNRwly8J+2d50dV2E4jAawtNxCfKaFjV+ynXC/vmyVFO6hsZYtXFP1CGDUD/QmSG2agP9dYWxsgRjZuHA=="
        },
        "node_modules/@prisma/client": {
            "version": "3.12.0",
            "resolved": "https://registry.npmjs.org/@prisma/client/-/client-3.12.0.tgz",
            "integrity": "sha512-4NEQjUcWja/NVBvfuDFscWSk1/rXg3+wj+TSkqXCb1tKlx/bsUE00rxsvOvGg7VZ6lw1JFpGkwjwmsOIc4zvQw==",
            "hasInstallScript": true,
            "dependencies": {
                "@prisma/engines-version": "3.12.0-37.22b822189f46ef0dc5c5b503368d1bee01213980"
            },
            "engines": {
                "node": ">=12.6"
            },
            "peerDependencies": {
                "prisma": "*"
            },
            "peerDependenciesMeta": {
                "prisma": {
                    "optional": true
                }
            }
        },
        "node_modules/@prisma/engines": {
            "version": "3.12.0-37.22b822189f46ef0dc5c5b503368d1bee01213980",
            "resolved": "https://registry.npmjs.org/@prisma/engines/-/engines-3.12.0-37.22b822189f46ef0dc5c5b503368d1bee01213980.tgz",
            "integrity": "sha512-zULjkN8yhzS7B3yeEz4aIym4E2w1ChrV12i14pht3ePFufvsAvBSoZ+tuXMvfSoNTgBS5E4bolRzLbMmbwkkMQ==",
            "devOptional": true,
            "hasInstallScript": true
        },
        "node_modules/@prisma/engines-version": {
            "version": "3.12.0-37.22b822189f46ef0dc5c5b503368d1bee01213980",
            "resolved": "https://registry.npmjs.org/@prisma/engines-version/-/engines-version-3.12.0-37.22b822189f46ef0dc5c5b503368d1bee01213980.tgz",
            "integrity": "sha512-o+jo8d7ZEiVpcpNWUDh3fj2uPQpBxl79XE9ih9nkogJbhw6P33274SHnqheedZ7PyvPIK/mvU8MLNYgetgXPYw=="
        },
        "node_modules/abort-controller": {
            "version": "3.0.0",
            "resolved": "https://registry.npmjs.org/abort-controller/-/abort-controller-3.0.0.tgz",
            "integrity": "sha512-h8lQ8tacZYnR3vNQTgibj+tODHI5/+l06Au2Pcriv/Gmet0eaj4TwWH41sO9wnHDiQsEj19q0drzdWdeAHtweg==",
            "dependencies": {
                "event-target-shim": "^5.0.0"
            },
            "engines": {
                "node": ">=6.5"
            }
        },
        "node_modules/boolbase": {
            "version": "1.0.0",
            "resolved": "https://registry.npmjs.org/boolbase/-/boolbase-1.0.0.tgz",
            "integrity": "sha1-aN/1++YMUes3cl6p4+0xDcwed24="
        },
        "node_modules/cheerio": {
            "version": "1.0.0-rc.10",
            "resolved": "https://registry.npmjs.org/cheerio/-/cheerio-1.0.0-rc.10.tgz",
            "integrity": "sha512-g0J0q/O6mW8z5zxQ3A8E8J1hUgp4SMOvEoW/x84OwyHKe/Zccz83PVT4y5Crcr530FV6NgmKI1qvGTKVl9XXVw==",
            "dependencies": {
                "cheerio-select": "^1.5.0",
                "dom-serializer": "^1.3.2",
                "domhandler": "^4.2.0",
                "htmlparser2": "^6.1.0",
                "parse5": "^6.0.1",
                "parse5-htmlparser2-tree-adapter": "^6.0.1",
                "tslib": "^2.2.0"
            },
            "engines": {
                "node": ">= 6"
            },
            "funding": {
                "url": "https://github.com/cheeriojs/cheerio?sponsor=1"
            }
        },
        "node_modules/cheerio-select": {
            "version": "1.6.0",
            "resolved": "https://registry.npmjs.org/cheerio-select/-/cheerio-select-1.6.0.tgz",
            "integrity": "sha512-eq0GdBvxVFbqWgmCm7M3XGs1I8oLy/nExUnh6oLqmBditPO9AqQJrkslDpMun/hZ0yyTs8L0m85OHp4ho6Qm9g==",
            "dependencies": {
                "css-select": "^4.3.0",
                "css-what": "^6.0.1",
                "domelementtype": "^2.2.0",
                "domhandler": "^4.3.1",
                "domutils": "^2.8.0"
            },
            "funding": {
                "url": "https://github.com/sponsors/fb55"
            }
        },
        "node_modules/css-select": {
            "version": "4.3.0",
            "resolved": "https://registry.npmjs.org/css-select/-/css-select-4.3.0.tgz",
            "integrity": "sha512-wPpOYtnsVontu2mODhA19JrqWxNsfdatRKd64kmpRbQgh1KtItko5sTnEpPdpSaJszTOhEMlF/RPz28qj4HqhQ==",
            "dependencies": {
                "boolbase": "^1.0.0",
                "css-what": "^6.0.1",
                "domhandler": "^4.3.1",
                "domutils": "^2.8.0",
                "nth-check": "^2.0.1"
            },
            "funding": {
                "url": "https://github.com/sponsors/fb55"
            }
        },
        "node_modules/css-what": {
            "version": "6.1.0",
            "resolved": "https://registry.npmjs.org/css-what/-/css-what-6.1.0.tgz",
            "integrity": "sha512-HTUrgRJ7r4dsZKU6GjmpfRK1O76h97Z8MfS1G0FozR+oF2kG6Vfe8JE6zwrkbxigziPHinCJ+gCPjA9EaBDtRw==",
            "engines": {
                "node": ">= 6"
            },
            "funding": {
                "url": "https://github.com/sponsors/fb55"
            }
        },
        "node_modules/debug": {
            "version": "4.3.4",
            "resolved": "https://registry.npmjs.org/debug/-/debug-4.3.4.tgz",
            "integrity": "sha512-PRWFHuSU3eDtQJPvnNY7Jcket1j0t5OuOsFzPPzsekD52Zl8qUfFIPEiswXqIvHWGVHOgX+7G/vCNNhehwxfkQ==",
            "dependencies": {
                "ms": "2.1.2"
            },
            "engines": {
                "node": ">=6.0"
            },
            "peerDependenciesMeta": {
                "supports-color": {
                    "optional": true
                }
            }
        },
        "node_modules/dom-serializer": {
            "version": "1.4.1",
            "resolved": "https://registry.npmjs.org/dom-serializer/-/dom-serializer-1.4.1.tgz",
            "integrity": "sha512-VHwB3KfrcOOkelEG2ZOfxqLZdfkil8PtJi4P8N2MMXucZq2yLp75ClViUlOVwyoHEDjYU433Aq+5zWP61+RGag==",
            "dependencies": {
                "domelementtype": "^2.0.1",
                "domhandler": "^4.2.0",
                "entities": "^2.0.0"
            },
            "funding": {
                "url": "https://github.com/cheeriojs/dom-serializer?sponsor=1"
            }
        },
        "node_modules/domelementtype": {
            "version": "2.3.0",
            "resolved": "https://registry.npmjs.org/domelementtype/-/domelementtype-2.3.0.tgz",
            "integrity": "sha512-OLETBj6w0OsagBwdXnPdN0cnMfF9opN69co+7ZrbfPGrdpPVNBUj02spi6B1N7wChLQiPn4CSH/zJvXw56gmHw==",
            "funding": [
                {
                    "type": "github",
                    "url": "https://github.com/sponsors/fb55"
                }
            ]
        },
        "node_modules/domhandler": {
            "version": "4.3.1",
            "resolved": "https://registry.npmjs.org/domhandler/-/domhandler-4.3.1.tgz",
            "integrity": "sha512-GrwoxYN+uWlzO8uhUXRl0P+kHE4GtVPfYzVLcUxPL7KNdHKj66vvlhiweIHqYYXWlw+T8iLMp42Lm67ghw4WMQ==",
            "dependencies": {
                "domelementtype": "^2.2.0"
            },
            "engines": {
                "node": ">= 4"
            },
            "funding": {
                "url": "https://github.com/fb55/domhandler?sponsor=1"
            }
        },
        "node_modules/domutils": {
            "version": "2.8.0",
            "resolved": "https://registry.npmjs.org/domutils/-/domutils-2.8.0.tgz",
            "integrity": "sha512-w96Cjofp72M5IIhpjgobBimYEfoPjx1Vx0BSX9P30WBdZW2WIKU0T1Bd0kz2eNZ9ikjKgHbEyKx8BB6H1L3h3A==",
            "dependencies": {
                "dom-serializer": "^1.0.1",
                "domelementtype": "^2.2.0",
                "domhandler": "^4.2.0"
            },
            "funding": {
                "url": "https://github.com/fb55/domutils?sponsor=1"
            }
        },
        "node_modules/entities": {
            "version": "2.2.0",
            "resolved": "https://registry.npmjs.org/entities/-/entities-2.2.0.tgz",
            "integrity": "sha512-p92if5Nz619I0w+akJrLZH0MX0Pb5DX39XOwQTtXSdQQOaYH03S1uIQp4mhOZtAXrxq4ViO67YTiLBo2638o9A==",
            "funding": {
                "url": "https://github.com/fb55/entities?sponsor=1"
            }
        },
        "node_modules/env-var": {
            "version": "7.1.1",
            "resolved": "https://registry.npmjs.org/env-var/-/env-var-7.1.1.tgz",
            "integrity": "sha512-4+vvlq+wwGQNwY/nI3/+Ojc1MKHCmITRJ6VWkQzDtMD6fAEb60ACRUCnlIAonMKW9YzqYmYxbyVu9vTb++yNRg==",
            "engines": {
                "node": ">=10"
            }
        },
        "node_modules/event-target-shim": {
            "version": "5.0.1",
            "resolved": "https://registry.npmjs.org/event-target-shim/-/event-target-shim-5.0.1.tgz",
            "integrity": "sha512-i/2XbnSz/uxRCU6+NdVJgKWDTM427+MqYbkQzD321DuCQJUqOuJKIA0IM2+W2xtYHdKOmZ4dR6fExsd4SXL+WQ==",
            "engines": {
                "node": ">=6"
            }
        },
        "node_modules/grammy": {
            "version": "1.8.0",
            "resolved": "https://registry.npmjs.org/grammy/-/grammy-1.8.0.tgz",
            "integrity": "sha512-CG+Eq60crEjX8aqm/FeBadgfDwFaDoc3UaUwiPrxEX94D/1rRCeaj2JtaLBcDLXe9UQLENfWEEErMbkfiMR/Rg==",
            "dependencies": {
                "@grammyjs/types": "^2.7.0",
                "abort-controller": "^3.0.0",
                "debug": "^4.3.4",
                "node-fetch": "^2.6.7"
            },
            "engines": {
                "node": "^12.20.0 || >=14.13.1"
            }
        },
        "node_modules/grammy-inline-menu": {
            "version": "7.0.2",
            "resolved": "https://registry.npmjs.org/grammy-inline-menu/-/grammy-inline-menu-7.0.2.tgz",
            "integrity": "sha512-bVuKECOwc7KpZXeeI3WfBWkVnqoMiHbIxBTI2p3FJmXx/D8WJuvS+dDrc2UtJZPPZo+vdkR1ZxjHz5rZRMe2Gg==",
            "dependencies": {
                "@grammyjs/types": "^2.2.6"
            },
            "engines": {
                "node": ">=12"
            },
            "peerDependencies": {
                "grammy": "^1.3.0"
            }
        },
        "node_modules/htmlparser2": {
            "version": "6.1.0",
            "resolved": "https://registry.npmjs.org/htmlparser2/-/htmlparser2-6.1.0.tgz",
            "integrity": "sha512-gyyPk6rgonLFEDGoeRgQNaEUvdJ4ktTmmUh/h2t7s+M8oPpIPxgNACWa+6ESR57kXstwqPiCut0V8NRpcwgU7A==",
            "funding": [
                "https://github.com/fb55/htmlparser2?sponsor=1",
                {
                    "type": "github",
                    "url": "https://github.com/sponsors/fb55"
                }
            ],
            "dependencies": {
                "domelementtype": "^2.0.1",
                "domhandler": "^4.0.0",
                "domutils": "^2.5.2",
                "entities": "^2.0.0"
            }
        },
        "node_modules/moment": {
            "version": "2.29.3",
            "resolved": "https://registry.npmjs.org/moment/-/moment-2.29.3.tgz",
            "integrity": "sha512-c6YRvhEo//6T2Jz/vVtYzqBzwvPT95JBQ+smCytzf7c50oMZRsR/a4w88aD34I+/QVSfnoAnSBFPJHItlOMJVw==",
            "engines": {
                "node": "*"
            }
        },
        "node_modules/moment-timezone": {
            "version": "0.5.34",
            "resolved": "https://registry.npmjs.org/moment-timezone/-/moment-timezone-0.5.34.tgz",
            "integrity": "sha512-3zAEHh2hKUs3EXLESx/wsgw6IQdusOT8Bxm3D9UrHPQR7zlMmzwybC8zHEM1tQ4LJwP7fcxrWr8tuBg05fFCbg==",
            "dependencies": {
                "moment": ">= 2.9.0"
            },
            "engines": {
                "node": "*"
            }
        },
        "node_modules/ms": {
            "version": "2.1.2",
            "resolved": "https://registry.npmjs.org/ms/-/ms-2.1.2.tgz",
            "integrity": "sha512-sGkPx+VjMtmA6MX27oA4FBFELFCZZ4S4XqeGOXCv68tT+jb3vk/RyaKWP0PTKyWtmLSM0b+adUTEvbs1PEaH2w=="
        },
        "node_modules/node-cron": {
            "version": "3.0.0",
            "resolved": "https://registry.npmjs.org/node-cron/-/node-cron-3.0.0.tgz",
            "integrity": "sha512-DDwIvvuCwrNiaU7HEivFDULcaQualDv7KoNlB/UU1wPW0n1tDEmBJKhEIE6DlF2FuoOHcNbLJ8ITL2Iv/3AWmA==",
            "dependencies": {
                "moment-timezone": "^0.5.31"
            },
            "engines": {
                "node": ">=6.0.0"
            }
        },
        "node_modules/node-fetch": {
            "version": "2.6.7",
            "resolved": "https://registry.npmjs.org/node-fetch/-/node-fetch-2.6.7.tgz",
            "integrity": "sha512-ZjMPFEfVx5j+y2yF35Kzx5sF7kDzxuDj6ziH4FFbOp87zKDZNx8yExJIb05OGF4Nlt9IHFIMBkRl41VdvcNdbQ==",
            "dependencies": {
                "whatwg-url": "^5.0.0"
            },
            "engines": {
                "node": "4.x || >=6.0.0"
            },
            "peerDependencies": {
                "encoding": "^0.1.0"
            },
            "peerDependenciesMeta": {
                "encoding": {
                    "optional": true
                }
            }
        },
        "node_modules/nth-check": {
            "version": "2.0.1",
            "resolved": "https://registry.npmjs.org/nth-check/-/nth-check-2.0.1.tgz",
            "integrity": "sha512-it1vE95zF6dTT9lBsYbxvqh0Soy4SPowchj0UBGj/V6cTPnXXtQOPUbhZ6CmGzAD/rW22LQK6E96pcdJXk4A4w==",
            "dependencies": {
                "boolbase": "^1.0.0"
            },
            "funding": {
                "url": "https://github.com/fb55/nth-check?sponsor=1"
            }
        },
        "node_modules/parse5": {
            "version": "6.0.1",
            "resolved": "https://registry.npmjs.org/parse5/-/parse5-6.0.1.tgz",
            "integrity": "sha512-Ofn/CTFzRGTTxwpNEs9PP93gXShHcTq255nzRYSKe8AkVpZY7e1fpmTfOyoIvjP5HG7Z2ZM7VS9PPhQGW2pOpw=="
        },
        "node_modules/parse5-htmlparser2-tree-adapter": {
            "version": "6.0.1",
            "resolved": "https://registry.npmjs.org/parse5-htmlparser2-tree-adapter/-/parse5-htmlparser2-tree-adapter-6.0.1.tgz",
            "integrity": "sha512-qPuWvbLgvDGilKc5BoicRovlT4MtYT6JfJyBOMDsKoiT+GiuP5qyrPCnR9HcPECIJJmZh5jRndyNThnhhb/vlA==",
            "dependencies": {
                "parse5": "^6.0.1"
            }
        },
        "node_modules/prisma": {
            "version": "3.12.0",
            "resolved": "https://registry.npmjs.org/prisma/-/prisma-3.12.0.tgz",
            "integrity": "sha512-ltCMZAx1i0i9xuPM692Srj8McC665h6E5RqJom999sjtVSccHSD8Z+HSdBN2183h9PJKvC5dapkn78dd0NWMBg==",
            "devOptional": true,
            "hasInstallScript": true,
            "dependencies": {
                "@prisma/engines": "3.12.0-37.22b822189f46ef0dc5c5b503368d1bee01213980"
            },
            "bin": {
                "prisma": "build/index.js",
                "prisma2": "build/index.js"
            },
            "engines": {
                "node": ">=12.6"
            }
        },
        "node_modules/tr46": {
            "version": "0.0.3",
            "resolved": "https://registry.npmjs.org/tr46/-/tr46-0.0.3.tgz",
            "integrity": "sha1-gYT9NH2snNwYWZLzpmIuFLnZq2o="
        },
        "node_modules/tslib": {
            "version": "2.3.1",
            "resolved": "https://registry.npmjs.org/tslib/-/tslib-2.3.1.tgz",
            "integrity": "sha512-77EbyPPpMz+FRFRuAFlWMtmgUWGe9UOG2Z25NqCwiIjRhOf5iKGuzSe5P2w1laq+FkRy4p+PCuVkJSGkzTEKVw=="
        },
        "node_modules/webidl-conversions": {
            "version": "3.0.1",
            "resolved": "https://registry.npmjs.org/webidl-conversions/-/webidl-conversions-3.0.1.tgz",
            "integrity": "sha1-JFNCdeKnvGvnvIZhHMFq4KVlSHE="
        },
        "node_modules/whatwg-url": {
            "version": "5.0.0",
            "resolved": "https://registry.npmjs.org/whatwg-url/-/whatwg-url-5.0.0.tgz",
            "integrity": "sha1-lmRU6HZUYuN2RNNib2dCzotwll0=",
            "dependencies": {
                "tr46": "~0.0.3",
                "webidl-conversions": "^3.0.0"
            }
        }
    },
    "dependencies": {
        "@grammyjs/types": {
            "version": "2.7.0",
            "resolved": "https://registry.npmjs.org/@grammyjs/types/-/types-2.7.0.tgz",
            "integrity": "sha512-XgncCsNRwly8J+2d50dV2E4jAawtNxCfKaFjV+ynXC/vmyVFO6hsZYtXFP1CGDUD/QmSG2agP9dYWxsgRjZuHA=="
        },
        "@prisma/client": {
            "version": "3.12.0",
            "resolved": "https://registry.npmjs.org/@prisma/client/-/client-3.12.0.tgz",
            "integrity": "sha512-4NEQjUcWja/NVBvfuDFscWSk1/rXg3+wj+TSkqXCb1tKlx/bsUE00rxsvOvGg7VZ6lw1JFpGkwjwmsOIc4zvQw==",
            "requires": {
                "@prisma/engines-version": "3.12.0-37.22b822189f46ef0dc5c5b503368d1bee01213980"
            }
        },
        "@prisma/engines": {
            "version": "3.12.0-37.22b822189f46ef0dc5c5b503368d1bee01213980",
            "resolved": "https://registry.npmjs.org/@prisma/engines/-/engines-3.12.0-37.22b822189f46ef0dc5c5b503368d1bee01213980.tgz",
            "integrity": "sha512-zULjkN8yhzS7B3yeEz4aIym4E2w1ChrV12i14pht3ePFufvsAvBSoZ+tuXMvfSoNTgBS5E4bolRzLbMmbwkkMQ==",
            "devOptional": true
        },
        "@prisma/engines-version": {
            "version": "3.12.0-37.22b822189f46ef0dc5c5b503368d1bee01213980",
            "resolved": "https://registry.npmjs.org/@prisma/engines-version/-/engines-version-3.12.0-37.22b822189f46ef0dc5c5b503368d1bee01213980.tgz",
            "integrity": "sha512-o+jo8d7ZEiVpcpNWUDh3fj2uPQpBxl79XE9ih9nkogJbhw6P33274SHnqheedZ7PyvPIK/mvU8MLNYgetgXPYw=="
        },
        "abort-controller": {
            "version": "3.0.0",
            "resolved": "https://registry.npmjs.org/abort-controller/-/abort-controller-3.0.0.tgz",
            "integrity": "sha512-h8lQ8tacZYnR3vNQTgibj+tODHI5/+l06Au2Pcriv/Gmet0eaj4TwWH41sO9wnHDiQsEj19q0drzdWdeAHtweg==",
            "requires": {
                "event-target-shim": "^5.0.0"
            }
        },
        "boolbase": {
            "version": "1.0.0",
            "resolved": "https://registry.npmjs.org/boolbase/-/boolbase-1.0.0.tgz",
            "integrity": "sha1-aN/1++YMUes3cl6p4+0xDcwed24="
        },
        "cheerio": {
            "version": "1.0.0-rc.10",
            "resolved": "https://registry.npmjs.org/cheerio/-/cheerio-1.0.0-rc.10.tgz",
            "integrity": "sha512-g0J0q/O6mW8z5zxQ3A8E8J1hUgp4SMOvEoW/x84OwyHKe/Zccz83PVT4y5Crcr530FV6NgmKI1qvGTKVl9XXVw==",
            "requires": {
                "cheerio-select": "^1.5.0",
                "dom-serializer": "^1.3.2",
                "domhandler": "^4.2.0",
                "htmlparser2": "^6.1.0",
                "parse5": "^6.0.1",
                "parse5-htmlparser2-tree-adapter": "^6.0.1",
                "tslib": "^2.2.0"
            }
        },
        "cheerio-select": {
            "version": "1.6.0",
            "resolved": "https://registry.npmjs.org/cheerio-select/-/cheerio-select-1.6.0.tgz",
            "integrity": "sha512-eq0GdBvxVFbqWgmCm7M3XGs1I8oLy/nExUnh6oLqmBditPO9AqQJrkslDpMun/hZ0yyTs8L0m85OHp4ho6Qm9g==",
            "requires": {
                "css-select": "^4.3.0",
                "css-what": "^6.0.1",
                "domelementtype": "^2.2.0",
                "domhandler": "^4.3.1",
                "domutils": "^2.8.0"
            }
        },
        "css-select": {
            "version": "4.3.0",
            "resolved": "https://registry.npmjs.org/css-select/-/css-select-4.3.0.tgz",
            "integrity": "sha512-wPpOYtnsVontu2mODhA19JrqWxNsfdatRKd64kmpRbQgh1KtItko5sTnEpPdpSaJszTOhEMlF/RPz28qj4HqhQ==",
            "requires": {
                "boolbase": "^1.0.0",
                "css-what": "^6.0.1",
                "domhandler": "^4.3.1",
                "domutils": "^2.8.0",
                "nth-check": "^2.0.1"
            }
        },
        "css-what": {
            "version": "6.1.0",
            "resolved": "https://registry.npmjs.org/css-what/-/css-what-6.1.0.tgz",
            "integrity": "sha512-HTUrgRJ7r4dsZKU6GjmpfRK1O76h97Z8MfS1G0FozR+oF2kG6Vfe8JE6zwrkbxigziPHinCJ+gCPjA9EaBDtRw=="
        },
        "debug": {
            "version": "4.3.4",
            "resolved": "https://registry.npmjs.org/debug/-/debug-4.3.4.tgz",
            "integrity": "sha512-PRWFHuSU3eDtQJPvnNY7Jcket1j0t5OuOsFzPPzsekD52Zl8qUfFIPEiswXqIvHWGVHOgX+7G/vCNNhehwxfkQ==",
            "requires": {
                "ms": "2.1.2"
            }
        },
        "dom-serializer": {
            "version": "1.4.1",
            "resolved": "https://registry.npmjs.org/dom-serializer/-/dom-serializer-1.4.1.tgz",
            "integrity": "sha512-VHwB3KfrcOOkelEG2ZOfxqLZdfkil8PtJi4P8N2MMXucZq2yLp75ClViUlOVwyoHEDjYU433Aq+5zWP61+RGag==",
            "requires": {
                "domelementtype": "^2.0.1",
                "domhandler": "^4.2.0",
                "entities": "^2.0.0"
            }
        },
        "domelementtype": {
            "version": "2.3.0",
            "resolved": "https://registry.npmjs.org/domelementtype/-/domelementtype-2.3.0.tgz",
            "integrity": "sha512-OLETBj6w0OsagBwdXnPdN0cnMfF9opN69co+7ZrbfPGrdpPVNBUj02spi6B1N7wChLQiPn4CSH/zJvXw56gmHw=="
        },
        "domhandler": {
            "version": "4.3.1",
            "resolved": "https://registry.npmjs.org/domhandler/-/domhandler-4.3.1.tgz",
            "integrity": "sha512-GrwoxYN+uWlzO8uhUXRl0P+kHE4GtVPfYzVLcUxPL7KNdHKj66vvlhiweIHqYYXWlw+T8iLMp42Lm67ghw4WMQ==",
            "requires": {
                "domelementtype": "^2.2.0"
            }
        },
        "domutils": {
            "version": "2.8.0",
            "resolved": "https://registry.npmjs.org/domutils/-/domutils-2.8.0.tgz",
            "integrity": "sha512-w96Cjofp72M5IIhpjgobBimYEfoPjx1Vx0BSX9P30WBdZW2WIKU0T1Bd0kz2eNZ9ikjKgHbEyKx8BB6H1L3h3A==",
            "requires": {
                "dom-serializer": "^1.0.1",
                "domelementtype": "^2.2.0",
                "domhandler": "^4.2.0"
            }
        },
        "entities": {
            "version": "2.2.0",
            "resolved": "https://registry.npmjs.org/entities/-/entities-2.2.0.tgz",
            "integrity": "sha512-p92if5Nz619I0w+akJrLZH0MX0Pb5DX39XOwQTtXSdQQOaYH03S1uIQp4mhOZtAXrxq4ViO67YTiLBo2638o9A=="
        },
        "env-var": {
            "version": "7.1.1",
            "resolved": "https://registry.npmjs.org/env-var/-/env-var-7.1.1.tgz",
            "integrity": "sha512-4+vvlq+wwGQNwY/nI3/+Ojc1MKHCmITRJ6VWkQzDtMD6fAEb60ACRUCnlIAonMKW9YzqYmYxbyVu9vTb++yNRg=="
        },
        "event-target-shim": {
            "version": "5.0.1",
            "resolved": "https://registry.npmjs.org/event-target-shim/-/event-target-shim-5.0.1.tgz",
            "integrity": "sha512-i/2XbnSz/uxRCU6+NdVJgKWDTM427+MqYbkQzD321DuCQJUqOuJKIA0IM2+W2xtYHdKOmZ4dR6fExsd4SXL+WQ=="
        },
        "grammy": {
            "version": "1.8.0",
            "resolved": "https://registry.npmjs.org/grammy/-/grammy-1.8.0.tgz",
            "integrity": "sha512-CG+Eq60crEjX8aqm/FeBadgfDwFaDoc3UaUwiPrxEX94D/1rRCeaj2JtaLBcDLXe9UQLENfWEEErMbkfiMR/Rg==",
            "requires": {
                "@grammyjs/types": "^2.7.0",
                "abort-controller": "^3.0.0",
                "debug": "^4.3.4",
                "node-fetch": "^2.6.7"
            }
        },
        "grammy-inline-menu": {
            "version": "7.0.2",
            "resolved": "https://registry.npmjs.org/grammy-inline-menu/-/grammy-inline-menu-7.0.2.tgz",
            "integrity": "sha512-bVuKECOwc7KpZXeeI3WfBWkVnqoMiHbIxBTI2p3FJmXx/D8WJuvS+dDrc2UtJZPPZo+vdkR1ZxjHz5rZRMe2Gg==",
            "requires": {
                "@grammyjs/types": "^2.2.6"
            }
        },
        "htmlparser2": {
            "version": "6.1.0",
            "resolved": "https://registry.npmjs.org/htmlparser2/-/htmlparser2-6.1.0.tgz",
            "integrity": "sha512-gyyPk6rgonLFEDGoeRgQNaEUvdJ4ktTmmUh/h2t7s+M8oPpIPxgNACWa+6ESR57kXstwqPiCut0V8NRpcwgU7A==",
            "requires": {
                "domelementtype": "^2.0.1",
                "domhandler": "^4.0.0",
                "domutils": "^2.5.2",
                "entities": "^2.0.0"
            }
        },
        "moment": {
            "version": "2.29.3",
            "resolved": "https://registry.npmjs.org/moment/-/moment-2.29.3.tgz",
            "integrity": "sha512-c6YRvhEo//6T2Jz/vVtYzqBzwvPT95JBQ+smCytzf7c50oMZRsR/a4w88aD34I+/QVSfnoAnSBFPJHItlOMJVw=="
        },
        "moment-timezone": {
            "version": "0.5.34",
            "resolved": "https://registry.npmjs.org/moment-timezone/-/moment-timezone-0.5.34.tgz",
            "integrity": "sha512-3zAEHh2hKUs3EXLESx/wsgw6IQdusOT8Bxm3D9UrHPQR7zlMmzwybC8zHEM1tQ4LJwP7fcxrWr8tuBg05fFCbg==",
            "requires": {
                "moment": ">= 2.9.0"
            }
        },
        "ms": {
            "version": "2.1.2",
            "resolved": "https://registry.npmjs.org/ms/-/ms-2.1.2.tgz",
            "integrity": "sha512-sGkPx+VjMtmA6MX27oA4FBFELFCZZ4S4XqeGOXCv68tT+jb3vk/RyaKWP0PTKyWtmLSM0b+adUTEvbs1PEaH2w=="
        },
        "node-cron": {
            "version": "3.0.0",
            "resolved": "https://registry.npmjs.org/node-cron/-/node-cron-3.0.0.tgz",
            "integrity": "sha512-DDwIvvuCwrNiaU7HEivFDULcaQualDv7KoNlB/UU1wPW0n1tDEmBJKhEIE6DlF2FuoOHcNbLJ8ITL2Iv/3AWmA==",
            "requires": {
                "moment-timezone": "^0.5.31"
            }
        },
        "node-fetch": {
            "version": "2.6.7",
            "resolved": "https://registry.npmjs.org/node-fetch/-/node-fetch-2.6.7.tgz",
            "integrity": "sha512-ZjMPFEfVx5j+y2yF35Kzx5sF7kDzxuDj6ziH4FFbOp87zKDZNx8yExJIb05OGF4Nlt9IHFIMBkRl41VdvcNdbQ==",
            "requires": {
                "whatwg-url": "^5.0.0"
            }
        },
        "nth-check": {
            "version": "2.0.1",
            "resolved": "https://registry.npmjs.org/nth-check/-/nth-check-2.0.1.tgz",
            "integrity": "sha512-it1vE95zF6dTT9lBsYbxvqh0Soy4SPowchj0UBGj/V6cTPnXXtQOPUbhZ6CmGzAD/rW22LQK6E96pcdJXk4A4w==",
            "requires": {
                "boolbase": "^1.0.0"
            }
        },
        "parse5": {
            "version": "6.0.1",
            "resolved": "https://registry.npmjs.org/parse5/-/parse5-6.0.1.tgz",
            "integrity": "sha512-Ofn/CTFzRGTTxwpNEs9PP93gXShHcTq255nzRYSKe8AkVpZY7e1fpmTfOyoIvjP5HG7Z2ZM7VS9PPhQGW2pOpw=="
        },
        "parse5-htmlparser2-tree-adapter": {
            "version": "6.0.1",
            "resolved": "https://registry.npmjs.org/parse5-htmlparser2-tree-adapter/-/parse5-htmlparser2-tree-adapter-6.0.1.tgz",
            "integrity": "sha512-qPuWvbLgvDGilKc5BoicRovlT4MtYT6JfJyBOMDsKoiT+GiuP5qyrPCnR9HcPECIJJmZh5jRndyNThnhhb/vlA==",
            "requires": {
                "parse5": "^6.0.1"
            }
        },
        "prisma": {
            "version": "3.12.0",
            "resolved": "https://registry.npmjs.org/prisma/-/prisma-3.12.0.tgz",
            "integrity": "sha512-ltCMZAx1i0i9xuPM692Srj8McC665h6E5RqJom999sjtVSccHSD8Z+HSdBN2183h9PJKvC5dapkn78dd0NWMBg==",
            "devOptional": true,
            "requires": {
                "@prisma/engines": "3.12.0-37.22b822189f46ef0dc5c5b503368d1bee01213980"
            }
        },
        "tr46": {
            "version": "0.0.3",
            "resolved": "https://registry.npmjs.org/tr46/-/tr46-0.0.3.tgz",
            "integrity": "sha1-gYT9NH2snNwYWZLzpmIuFLnZq2o="
        },
        "tslib": {
            "version": "2.3.1",
            "resolved": "https://registry.npmjs.org/tslib/-/tslib-2.3.1.tgz",
            "integrity": "sha512-77EbyPPpMz+FRFRuAFlWMtmgUWGe9UOG2Z25NqCwiIjRhOf5iKGuzSe5P2w1laq+FkRy4p+PCuVkJSGkzTEKVw=="
        },
        "webidl-conversions": {
            "version": "3.0.1",
            "resolved": "https://registry.npmjs.org/webidl-conversions/-/webidl-conversions-3.0.1.tgz",
            "integrity": "sha1-JFNCdeKnvGvnvIZhHMFq4KVlSHE="
        },
        "whatwg-url": {
            "version": "5.0.0",
            "resolved": "https://registry.npmjs.org/whatwg-url/-/whatwg-url-5.0.0.tgz",
            "integrity": "sha1-lmRU6HZUYuN2RNNib2dCzotwll0=",
            "requires": {
                "tr46": "~0.0.3",
                "webidl-conversions": "^3.0.0"
            }
        }
    }
}
